
Microsoft Visual Studio Solution File, Format Version 12.00
# Visual Studio Version 16
VisualStudioVersion = 16.0.30225.117
MinimumVisualStudioVersion = 10.0.40219.1
Project("{9A19103F-16F7-4668-BE54-9A1E7A4F7556}") = "BetSoftwareAssessment", "BetSoftwareAssessment\BetSoftwareAssessment.csproj", "{B825EBED-C3F9-4290-A7FE-C4327D927B6B}"
EndProject
Project("{9A19103F-16F7-4668-BE54-9A1E7A4F7556}") = "BetSoftware.Repository", "BetSoftware.Repository\BetSoftware.Repository.csproj", "{60FD1DE4-D764-4B04-9D13-F26CD97BDF15}"
EndProject
Project("{9A19103F-16F7-4668-BE54-9A1E7A4F7556}") = "BetSoftware.Services", "BetSoftware.Services\BetSoftware.Services.csproj", "{34F84134-3B0C-43C0-963A-73A10F8EBA1D}"
EndProject
Project("{9A19103F-16F7-4668-BE54-9A1E7A4F7556}") = "BetSoftware.DataClasses", "BetSoftware.DataClasses\BetSoftware.DataClasses.csproj", "{1398A8F7-7DBA-4184-98FD-FF170B53400A}"
EndProject
Project("{9A19103F-16F7-4668-BE54-9A1E7A4F7556}") = "BetSoftware.Helpers", "BetSoftware.Helpers\BetSoftware.Helpers.csproj", "{7B5F1C07-657C-4422-BC9D-479BFFD11DD2}"
EndProject
Global
	GlobalSection(SolutionConfigurationPlatforms) = preSolution
		Debug|Any CPU = Debug|Any CPU
		Release|Any CPU = Release|Any CPU
	EndGlobalSection
	GlobalSection(ProjectConfigurationPlatforms) = postSolution
		{B825EBED-C3F9-4290-A7FE-C4327D927B6B}.Debug|Any CPU.ActiveCfg = Debug|Any CPU
		{B825EBED-C3F9-4290-A7FE-C4327D927B6B}.Debug|Any CPU.Build.0 = Debug|Any CPU
		{B825EBED-C3F9-4290-A7FE-C4327D927B6B}.Release|Any CPU.ActiveCfg = Release|Any CPU
		{B825EBED-C3F9-4290-A7FE-C4327D927B6B}.Release|Any CPU.Build.0 = Release|Any CPU
		{60FD1DE4-D764-4B04-9D13-F26CD97BDF15}.Debug|Any CPU.ActiveCfg = Debug|Any CPU
		{60FD1DE4-D764-4B04-9D13-F26CD97BDF15}.Debug|Any CPU.Build.0 = Debug|Any CPU
		{60FD1DE4-D764-4B04-9D13-F26CD97BDF15}.Release|Any CPU.ActiveCfg = Release|Any CPU
		{60FD1DE4-D764-4B04-9D13-F26CD97BDF15}.Release|Any CPU.Build.0 = Release|Any CPU
		{34F84134-3B0C-43C0-963A-73A10F8EBA1D}.Debug|Any CPU.ActiveCfg = Debug|Any CPU
		{34F84134-3B0C-43C0-963A-73A10F8EBA1D}.Debug|Any CPU.Build.0 = Debug|Any CPU
		{34F84134-3B0C-43C0-963A-73A10F8EBA1D}.Release|Any CPU.ActiveCfg = Release|Any CPU
		{34F84134-3B0C-43C0-963A-73A10F8EBA1D}.Release|Any CPU.Build.0 = Release|Any CPU
		{1398A8F7-7DBA-4184-98FD-FF170B53400A}.Debug|Any CPU.ActiveCfg = Debug|Any CPU
		{1398A8F7-7DBA-4184-98FD-FF170B53400A}.Debug|Any CPU.Build.0 = Debug|Any CPU
		{1398A8F7-7DBA-4184-98FD-FF170B53400A}.Release|Any CPU.ActiveCfg = Release|Any CPU
		{1398A8F7-7DBA-4184-98FD-FF170B53400A}.Release|Any CPU.Build.0 = Release|Any CPU
		{7B5F1C07-657C-4422-BC9D-479BFFD11DD2}.Debug|Any CPU.ActiveCfg = Debug|Any CPU
		{7B5F1C07-657C-4422-BC9D-479BFFD11DD2}.Debug|Any CPU.Build.0 = Debug|Any CPU
		{7B5F1C07-657C-4422-BC9D-479BFFD11DD2}.Release|Any CPU.ActiveCfg = Release|Any CPU
		{7B5F1C07-657C-4422-BC9D-479BFFD11DD2}.Release|Any CPU.Build.0 = Release|Any CPU
	EndGlobalSection
	GlobalSection(SolutionProperties) = preSolution
		HideSolutionNode = FALSE
	EndGlobalSection
	GlobalSection(ExtensibilityGlobals) = postSolution
		SolutionGuid = {6DB50E7D-51FB-4B45-8A1A-CE5EF8B5B30D}
	EndGlobalSection
EndGlobal
